
Microsoft Visual Studio Solution File, Format Version 12.00
# Visual Studio Version 16
VisualStudioVersion = 16.0.29306.81
MinimumVisualStudioVersion = 10.0.40219.1
Project("{FAE04EC0-301F-11D3-BF4B-00C04F79EFBC}") = "CodeWars", "CodeWars\CodeWars.csproj", "{8250F8C2-1441-45B5-AB41-E08DE9C18D37}"
EndProject
Project("{FAE04EC0-301F-11D3-BF4B-00C04F79EFBC}") = "CodeWarsTests", "CodeWarsTests\CodeWarsTests.csproj", "{D5B21737-DDCE-4649-88B5-574AE89AC860}"
EndProject
Global
	GlobalSection(SolutionConfigurationPlatforms) = preSolution
		Debug|Any CPU = Debug|Any CPU
		Release|Any CPU = Release|Any CPU
	EndGlobalSection
	GlobalSection(ProjectConfigurationPlatforms) = postSolution
		{8250F8C2-1441-45B5-AB41-E08DE9C18D37}.Debug|Any CPU.ActiveCfg = Debug|Any CPU
		{8250F8C2-1441-45B5-AB41-E08DE9C18D37}.Debug|Any CPU.Build.0 = Debug|Any CPU
		{8250F8C2-1441-45B5-AB41-E08DE9C18D37}.Release|Any CPU.ActiveCfg = Release|Any CPU
		{8250F8C2-1441-45B5-AB41-E08DE9C18D37}.Release|Any CPU.Build.0 = Release|Any CPU
		{D5B21737-DDCE-4649-88B5-574AE89AC860}.Debug|Any CPU.ActiveCfg = Debug|Any CPU
		{D5B21737-DDCE-4649-88B5-574AE89AC860}.Debug|Any CPU.Build.0 = Debug|Any CPU
		{D5B21737-DDCE-4649-88B5-574AE89AC860}.Release|Any CPU.ActiveCfg = Release|Any CPU
		{D5B21737-DDCE-4649-88B5-574AE89AC860}.Release|Any CPU.Build.0 = Release|Any CPU
	EndGlobalSection
	GlobalSection(SolutionProperties) = preSolution
		HideSolutionNode = FALSE
	EndGlobalSection
	GlobalSection(ExtensibilityGlobals) = postSolution
		SolutionGuid = {7412DC9F-5335-4F51-AAD5-0A38209BB2FC}
	EndGlobalSection
EndGlobal
